
Microsoft Visual Studio Solution File, Format Version 12.00
# Visual Studio Version 17
VisualStudioVersion = 17.13.35931.197 d17.13
MinimumVisualStudioVersion = 10.0.40219.1
Project("{FAE04EC0-301F-11D3-BF4B-00C04F79EFBC}") = "webcnpm1", "webcnpm1\webcnpm1.csproj", "{22EE39EB-EC77-4AF4-965D-71F97A8121CB}"
EndProject
Project("{2150E333-8FDC-42A3-9474-1A3956D46DE8}") = "Solution Items", "Solution Items", "{8EC462FD-D22E-90A8-E5CE-7E832BA40C5D}"
	ProjectSection(SolutionItems) = preProject
		.gitignore = .gitignore
	EndProjectSection
EndProject
Global
	GlobalSection(SolutionConfigurationPlatforms) = preSolution
		Debug|Any CPU = Debug|Any CPU
		Release|Any CPU = Release|Any CPU
	EndGlobalSection
	GlobalSection(ProjectConfigurationPlatforms) = postSolution
		{22EE39EB-EC77-4AF4-965D-71F97A8121CB}.Debug|Any CPU.ActiveCfg = Debug|Any CPU
		{22EE39EB-EC77-4AF4-965D-71F97A8121CB}.Debug|Any CPU.Build.0 = Debug|Any CPU
		{22EE39EB-EC77-4AF4-965D-71F97A8121CB}.Release|Any CPU.ActiveCfg = Release|Any CPU
		{22EE39EB-EC77-4AF4-965D-71F97A8121CB}.Release|Any CPU.Build.0 = Release|Any CPU
	EndGlobalSection
	GlobalSection(SolutionProperties) = preSolution
		HideSolutionNode = FALSE
	EndGlobalSection
	GlobalSection(ExtensibilityGlobals) = postSolution
		SolutionGuid = {BBE7F829-A34A-45D0-BA9C-D367820050D5}
	EndGlobalSection
EndGlobal
